
Microsoft Visual Studio Solution File, Format Version 10.00
# Visual C++ Express 2008
Project("{8BC9CEB8-8B4A-11D0-8D11-00A0C91BC942}") = "zipdump", "zipdump.vcproj", "{A30D6D05-F3F7-406B-815D-896ABC6CEB77}"
EndProject
Global
	GlobalSection(SolutionConfigurationPlatforms) = preSolution
		Debug|Win32 = Debug|Win32
		Release|Win32 = Release|Win32
	EndGlobalSection
	GlobalSection(ProjectConfigurationPlatforms) = postSolution
		{A30D6D05-F3F7-406B-815D-896ABC6CEB77}.Debug|Win32.ActiveCfg = Debug|Win32
		{A30D6D05-F3F7-406B-815D-896ABC6CEB77}.Debug|Win32.Build.0 = Debug|Win32
		{A30D6D05-F3F7-406B-815D-896ABC6CEB77}.Release|Win32.ActiveCfg = Release|Win32
		{A30D6D05-F3F7-406B-815D-896ABC6CEB77}.Release|Win32.Build.0 = Release|Win32
	EndGlobalSection
	GlobalSection(SolutionProperties) = preSolution
		HideSolutionNode = FALSE
	EndGlobalSection
EndGlobal
